lockfileVersion: '6.0'

settings:
  autoInstallPeers: true
  excludeLinksFromLockfile: false

importers:

  .: {}

  apps/main:
    dependencies:
      bar:
        specifier: workspace:^
        version: link:../../packages/bar
      foo:
        specifier: workspace:^
        version: link:../../packages/foo

  packages/bar: {}

  packages/foo: {}
